
Microsoft Visual Studio Solution File, Format Version 12.00
# Visual Studio Version 17
VisualStudioVersion = 17.8.34322.80
MinimumVisualStudioVersion = 10.0.40219.1
Project("{FAE04EC0-301F-11D3-BF4B-00C04F79EFBC}") = "Programa2", "Programa2.csproj", "{13419923-88BF-48DA-87B0-3DA92887DB54}"
EndProject
Global
	GlobalSection(SolutionConfigurationPlatforms) = preSolution
		Debug|Any CPU = Debug|Any CPU
		Release|Any CPU = Release|Any CPU
	EndGlobalSection
	GlobalSection(ProjectConfigurationPlatforms) = postSolution
		{13419923-88BF-48DA-87B0-3DA92887DB54}.Debug|Any CPU.ActiveCfg = Debug|Any CPU
		{13419923-88BF-48DA-87B0-3DA92887DB54}.Debug|Any CPU.Build.0 = Debug|Any CPU
		{13419923-88BF-48DA-87B0-3DA92887DB54}.Release|Any CPU.ActiveCfg = Release|Any CPU
		{13419923-88BF-48DA-87B0-3DA92887DB54}.Release|Any CPU.Build.0 = Release|Any CPU
	EndGlobalSection
	GlobalSection(SolutionProperties) = preSolution
		HideSolutionNode = FALSE
	EndGlobalSection
	GlobalSection(ExtensibilityGlobals) = postSolution
		SolutionGuid = {F0B1EF4B-223F-4303-9AC4-6B9D08BBFBF2}
	EndGlobalSection
EndGlobal
